// !$*UTF8*$!
{
	archiveVersion = 1;
	classes = {
	};
	objectVersion = 46;
	objects = {

/* Begin PBXBuildFile section */
		1871091E1B81831D00894162 /* AppDelegate.swift in Sources */ = {isa = PBXBuildFile; fileRef = 1871091D1B81831D00894162 /* AppDelegate.swift */; };
		187109201B81831D00894162 /* ViewController.swift in Sources */ = {isa = PBXBuildFile; fileRef = 1871091F1B81831D00894162 /* ViewController.swift */; };
		187109231B81831D00894162 /* Main.storyboard in Resources */ = {isa = PBXBuildFile; fileRef = 187109211B81831D00894162 /* Main.storyboard */; };
		187109251B81831D00894162 /* Assets.xcassets in Resources */ = {isa = PBXBuildFile; fileRef = 187109241B81831D00894162 /* Assets.xcassets */; };
		187109281B81831D00894162 /* LaunchScreen.storyboard in Resources */ = {isa = PBXBuildFile; fileRef = 187109261B81831D00894162 /* LaunchScreen.storyboard */; };
		187109331B81831D00894162 /* UrGroupedTests.swift in Sources */ = {isa = PBXBuildFile; fileRef = 187109321B81831D00894162 /* UrGroupedTests.swift */; };
		1871093E1B81831D00894162 /* UrGroupedUITests.swift in Sources */ = {isa = PBXBuildFile; fileRef = 1871093D1B81831D00894162 /* UrGroupedUITests.swift */; };
		1871094C1B8188DE00894162 /* LogoOnGreyBack.png in Resources */ = {isa = PBXBuildFile; fileRef = 1871094B1B8188DE00894162 /* LogoOnGreyBack.png */; };
		187109521B819A5300894162 /* fbButton.png in Resources */ = {isa = PBXBuildFile; fileRef = 187109511B819A5300894162 /* fbButton.png */; };
		FD11615B1B82AE07009FAB82 /* FBSDKCoreKit.framework in Frameworks */ = {isa = PBXBuildFile; fileRef = FD11615A1B82AE07009FAB82 /* FBSDKCoreKit.framework */; };
		FD11615D1B82AE15009FAB82 /* FBSDKLoginKit.framework in Frameworks */ = {isa = PBXBuildFile; fileRef = FD11615C1B82AE15009FAB82 /* FBSDKLoginKit.framework */; };
		FD11615F1B82AE1F009FAB82 /* FBSDKShareKit.framework in Frameworks */ = {isa = PBXBuildFile; fileRef = FD11615E1B82AE1F009FAB82 /* FBSDKShareKit.framework */; };
/* End PBXBuildFile section */

/* Begin PBXContainerItemProxy section */
		1871092F1B81831D00894162 /* PBXContainerItemProxy */ = {
			isa = PBXContainerItemProxy;
			containerPortal = 187109121B81831D00894162 /* Project object */;
			proxyType = 1;
			remoteGlobalIDString = 187109191B81831D00894162;
			remoteInfo = UrGrouped;
		};
		1871093A1B81831D00894162 /* PBXContainerItemProxy */ = {
			isa = PBXContainerItemProxy;
			containerPortal = 187109121B81831D00894162 /* Project object */;
			proxyType = 1;
			remoteGlobalIDString = 187109191B81831D00894162;
			remoteInfo = UrGrouped;
		};
/* End PBXContainerItemProxy section */

/* Begin PBXFileReference section */
		1871091A1B81831D00894162 /* UrGrouped.app */ = {isa = PBXFileReference; explicitFileType = wrapper.application; includeInIndex = 0; path = UrGrouped.app; sourceTree = BUILT_PRODUCTS_DIR; };
		1871091D1B81831D00894162 /* AppDelegate.swift */ = {isa = PBXFileReference; lastKnownFileType = sourcecode.swift; path = AppDelegate.swift; sourceTree = "<group>"; };
		1871091F1B81831D00894162 /* ViewController.swift */ = {isa = PBXFileReference; lastKnownFileType = sourcecode.swift; path = ViewController.swift; sourceTree = "<group>"; };
		187109221B81831D00894162 /* Base */ = {isa = PBXFileReference; lastKnownFileType = file.storyboard; name = Base; path = Base.lproj/Main.storyboard; sourceTree = "<group>"; };
		187109241B81831D00894162 /* Assets.xcassets */ = {isa = PBXFileReference; lastKnownFileType = folder.assetcatalog; path = Assets.xcassets; sourceTree = "<group>"; };
		187109271B81831D00894162 /* Base */ = {isa = PBXFileReference; lastKnownFileType = file.storyboard; name = Base; path = Base.lproj/LaunchScreen.storyboard; sourceTree = "<group>"; };
		187109291B81831D00894162 /* Info.plist */ = {isa = PBXFileReference; lastKnownFileType = text.plist.xml; path = Info.plist; sourceTree = "<group>"; };
		1871092E1B81831D00894162 /* UrGroupedTests.xctest */ = {isa = PBXFileReference; explicitFileType = wrapper.cfbundle; includeInIndex = 0; path = UrGroupedTests.xctest; sourceTree = BUILT_PRODUCTS_DIR; };
		187109321B81831D00894162 /* UrGroupedTests.swift */ = {isa = PBXFileReference; lastKnownFileType = sourcecode.swift; path = UrGroupedTests.swift; sourceTree = "<group>"; };
		187109341B81831D00894162 /* Info.plist */ = {isa = PBXFileReference; lastKnownFileType = text.plist.xml; path = Info.plist; sourceTree = "<group>"; };
		187109391B81831D00894162 /* UrGroupedUITests.xctest */ = {isa = PBXFileReference; explicitFileType = wrapper.cfbundle; includeInIndex = 0; path = UrGroupedUITests.xctest; sourceTree = BUILT_PRODUCTS_DIR; };
		1871093D1B81831D00894162 /* UrGroupedUITests.swift */ = {isa = PBXFileReference; lastKnownFileType = sourcecode.swift; path = UrGroupedUITests.swift; sourceTree = "<group>"; };
		1871093F1B81831D00894162 /* Info.plist */ = {isa = PBXFileReference; lastKnownFileType = text.plist.xml; path = Info.plist; sourceTree = "<group>"; };
		1871094B1B8188DE00894162 /* LogoOnGreyBack.png */ = {isa = PBXFileReference; lastKnownFileType = image.png; name = LogoOnGreyBack.png; path = UrGrouped/Images/LogoOnGreyBack.png; sourceTree = SOURCE_ROOT; };
		187109511B819A5300894162 /* fbButton.png */ = {isa = PBXFileReference; lastKnownFileType = image.png; name = fbButton.png; path = UrGrouped/Images/fbButton.png; sourceTree = SOURCE_ROOT; };
		FD11615A1B82AE07009FAB82 /* FBSDKCoreKit.framework */ = {isa = PBXFileReference; lastKnownFileType = wrapper.framework; name = FBSDKCoreKit.framework; path = ../../../Documents/FacebookSDK/FBSDKCoreKit.framework; sourceTree = "<group>"; };
		FD11615C1B82AE15009FAB82 /* FBSDKLoginKit.framework */ = {isa = PBXFileReference; lastKnownFileType = wrapper.framework; name = FBSDKLoginKit.framework; path = ../../../Documents/FacebookSDK/FBSDKLoginKit.framework; sourceTree = "<group>"; };
		FD11615E1B82AE1F009FAB82 /* FBSDKShareKit.framework */ = {isa = PBXFileReference; lastKnownFileType = wrapper.framework; name = FBSDKShareKit.framework; path = ../../../Documents/FacebookSDK/FBSDKShareKit.framework; sourceTree = "<group>"; };
/* End PBXFileReference section */

/* Begin PBXFrameworksBuildPhase section */
		187109171B81831D00894162 /* Frameworks */ = {
			isa = PBXFrameworksBuildPhase;
			buildActionMask = 2147483647;
			files = (
				FD11615D1B82AE15009FAB82 /* FBSDKLoginKit.framework in Frameworks */,
				FD11615B1B82AE07009FAB82 /* FBSDKCoreKit.framework in Frameworks */,
				FD11615F1B82AE1F009FAB82 /* FBSDKShareKit.framework in Frameworks */,
			);
			runOnlyForDeploymentPostprocessing = 0;
		};
		1871092B1B81831D00894162 /* Frameworks */ = {
			isa = PBXFrameworksBuildPhase;
			buildActionMask = 2147483647;
			files = (
			);
			runOnlyForDeploymentPostprocessing = 0;
		};
		187109361B81831D00894162 /* Frameworks */ = {
			isa = PBXFrameworksBuildPhase;
			buildActionMask = 2147483647;
			files = (
			);
			runOnlyForDeploymentPostprocessing = 0;
		};
/* End PBXFrameworksBuildPhase section */

/* Begin PBXGroup section */
		187109111B81831D00894162 = {
			isa = PBXGroup;
			children = (
				FD1161591B82AD79009FAB82 /* Frameworks */,
				1871091C1B81831D00894162 /* UrGrouped */,
				187109311B81831D00894162 /* UrGroupedTests */,
				1871093C1B81831D00894162 /* UrGroupedUITests */,
				1871091B1B81831D00894162 /* Products */,
			);
			sourceTree = "<group>";
		};
		1871091B1B81831D00894162 /* Products */ = {
			isa = PBXGroup;
			children = (
				1871091A1B81831D00894162 /* UrGrouped.app */,
				1871092E1B81831D00894162 /* UrGroupedTests.xctest */,
				187109391B81831D00894162 /* UrGroupedUITests.xctest */,
			);
			name = Products;
			sourceTree = "<group>";
		};
		1871091C1B81831D00894162 /* UrGrouped */ = {
			isa = PBXGroup;
			children = (
				187109511B819A5300894162 /* fbButton.png */,
				1871091D1B81831D00894162 /* AppDelegate.swift */,
				1871091F1B81831D00894162 /* ViewController.swift */,
				187109211B81831D00894162 /* Main.storyboard */,
				1871094B1B8188DE00894162 /* LogoOnGreyBack.png */,
				187109241B81831D00894162 /* Assets.xcassets */,
				187109261B81831D00894162 /* LaunchScreen.storyboard */,
				187109291B81831D00894162 /* Info.plist */,
			);
			path = UrGrouped;
			sourceTree = "<group>";
		};
		187109311B81831D00894162 /* UrGroupedTests */ = {
			isa = PBXGroup;
			children = (
				187109321B81831D00894162 /* UrGroupedTests.swift */,
				187109341B81831D00894162 /* Info.plist */,
			);
			path = UrGroupedTests;
			sourceTree = "<group>";
		};
		1871093C1B81831D00894162 /* UrGroupedUITests */ = {
			isa = PBXGroup;
			children = (
				1871093D1B81831D00894162 /* UrGroupedUITests.swift */,
				1871093F1B81831D00894162 /* Info.plist */,
			);
			path = UrGroupedUITests;
			sourceTree = "<group>";
		};
		FD1161591B82AD79009FAB82 /* Frameworks */ = {
			isa = PBXGroup;
			children = (
				FD11615E1B82AE1F009FAB82 /* FBSDKShareKit.framework */,
				FD11615C1B82AE15009FAB82 /* FBSDKLoginKit.framework */,
				FD11615A1B82AE07009FAB82 /* FBSDKCoreKit.framework */,
			);
			name = Frameworks;
			sourceTree = "<group>";
		};
/* End PBXGroup section */

/* Begin PBXNativeTarget section */
		187109191B81831D00894162 /* UrGrouped */ = {
			isa = PBXNativeTarget;
			buildConfigurationList = 187109421B81831D00894162 /* Build configuration list for PBXNativeTarget "UrGrouped" */;
			buildPhases = (
				187109161B81831D00894162 /* Sources */,
				187109171B81831D00894162 /* Frameworks */,
				187109181B81831D00894162 /* Resources */,
			);
			buildRules = (
			);
			dependencies = (
			);
			name = UrGrouped;
			productName = UrGrouped;
			productReference = 1871091A1B81831D00894162 /* UrGrouped.app */;
			productType = "com.apple.product-type.application";
		};
		1871092D1B81831D00894162 /* UrGroupedTests */ = {
			isa = PBXNativeTarget;
			buildConfigurationList = 187109451B81831D00894162 /* Build configuration list for PBXNativeTarget "UrGroupedTests" */;
			buildPhases = (
				1871092A1B81831D00894162 /* Sources */,
				1871092B1B81831D00894162 /* Frameworks */,
				1871092C1B81831D00894162 /* Resources */,
			);
			buildRules = (
			);
			dependencies = (
				187109301B81831D00894162 /* PBXTargetDependency */,
			);
			name = UrGroupedTests;
			productName = UrGroupedTests;
			productReference = 1871092E1B81831D00894162 /* UrGroupedTests.xctest */;
			productType = "com.apple.product-type.bundle.unit-test";
		};
		187109381B81831D00894162 /* UrGroupedUITests */ = {
			isa = PBXNativeTarget;
			buildConfigurationList = 187109481B81831D00894162 /* Build configuration list for PBXNativeTarget "UrGroupedUITests" */;
			buildPhases = (
				187109351B81831D00894162 /* Sources */,
				187109361B81831D00894162 /* Frameworks */,
				187109371B81831D00894162 /* Resources */,
			);
			buildRules = (
			);
			dependencies = (
				1871093B1B81831D00894162 /* PBXTargetDependency */,
			);
			name = UrGroupedUITests;
			productName = UrGroupedUITests;
			productReference = 187109391B81831D00894162 /* UrGroupedUITests.xctest */;
			productType = "com.apple.product-type.bundle.ui-testing";
		};
/* End PBXNativeTarget section */

/* Begin PBXProject section */
		187109121B81831D00894162 /* Project object */ = {
			isa = PBXProject;
			attributes = {
				LastUpgradeCheck = 0700;
				ORGANIZATIONNAME = LLabs;
				TargetAttributes = {
					187109191B81831D00894162 = {
						CreatedOnToolsVersion = 7.0;
					};
					1871092D1B81831D00894162 = {
						CreatedOnToolsVersion = 7.0;
						TestTargetID = 187109191B81831D00894162;
					};
					187109381B81831D00894162 = {
						CreatedOnToolsVersion = 7.0;
						TestTargetID = 187109191B81831D00894162;
					};
				};
			};
			buildConfigurationList = 187109151B81831D00894162 /* Build configuration list for PBXProject "UrGrouped" */;
			compatibilityVersion = "Xcode 3.2";
			developmentRegion = English;
			hasScannedForEncodings = 0;
			knownRegions = (
				en,
				Base,
			);
			mainGroup = 187109111B81831D00894162;
			productRefGroup = 1871091B1B81831D00894162 /* Products */;
			projectDirPath = "";
			projectRoot = "";
			targets = (
				187109191B81831D00894162 /* UrGrouped */,
				1871092D1B81831D00894162 /* UrGroupedTests */,
				187109381B81831D00894162 /* UrGroupedUITests */,
			);
		};
/* End PBXProject section */

/* Begin PBXResourcesBuildPhase section */
		187109181B81831D00894162 /* Resources */ = {
			isa = PBXResourcesBuildPhase;
			buildActionMask = 2147483647;
			files = (
				187109281B81831D00894162 /* LaunchScreen.storyboard in Resources */,
				187109521B819A5300894162 /* fbButton.png in Resources */,
				187109251B81831D00894162 /* Assets.xcassets in Resources */,
				187109231B81831D00894162 /* Main.storyboard in Resources */,
				1871094C1B8188DE00894162 /* LogoOnGreyBack.png in Resources */,
			);
			runOnlyForDeploymentPostprocessing = 0;
		};
		1871092C1B81831D00894162 /* Resources */ = {
			isa = PBXResourcesBuildPhase;
			buildActionMask = 2147483647;
			files = (
			);
			runOnlyForDeploymentPostprocessing = 0;
		};
		187109371B81831D00894162 /* Resources */ = {
			isa = PBXResourcesBuildPhase;
			buildActionMask = 2147483647;
			files = (
			);
			runOnlyForDeploymentPostprocessing = 0;
		};
/* End PBXResourcesBuildPhase section */

/* Begin PBXSourcesBuildPhase section */
		187109161B81831D00894162 /* Sources */ = {
			isa = PBXSourcesBuildPhase;
			buildActionMask = 2147483647;
			files = (
				187109201B81831D00894162 /* ViewController.swift in Sources */,
				1871091E1B81831D00894162 /* AppDelegate.swift in Sources */,
			);
			runOnlyForDeploymentPostprocessing = 0;
		};
		1871092A1B81831D00894162 /* Sources */ = {
			isa = PBXSourcesBuildPhase;
			buildActionMask = 2147483647;
			files = (
				187109331B81831D00894162 /* UrGroupedTests.swift in Sources */,
			);
			runOnlyForDeploymentPostprocessing = 0;
		};
		187109351B81831D00894162 /* Sources */ = {
			isa = PBXSourcesBuildPhase;
			buildActionMask = 2147483647;
			files = (
				1871093E1B81831D00894162 /* UrGroupedUITests.swift in Sources */,
			);
			runOnlyForDeploymentPostprocessing = 0;
		};
/* End PBXSourcesBuildPhase section */

/* Begin PBXTargetDependency section */
		187109301B81831D00894162 /* PBXTargetDependency */ = {
			isa = PBXTargetDependency;
			target = 187109191B81831D00894162 /* UrGrouped */;
			targetProxy = 1871092F1B81831D00894162 /* PBXContainerItemProxy */;
		};
		1871093B1B81831D00894162 /* PBXTargetDependency */ = {
			isa = PBXTargetDependency;
			target = 187109191B81831D00894162 /* UrGrouped */;
			targetProxy = 1871093A1B81831D00894162 /* PBXContainerItemProxy */;
		};
/* End PBXTargetDependency section */

/* Begin PBXVariantGroup section */
		187109211B81831D00894162 /* Main.storyboard */ = {
			isa = PBXVariantGroup;
			children = (
				187109221B81831D00894162 /* Base */,
			);
			name = Main.storyboard;
			sourceTree = "<group>";
		};
		187109261B81831D00894162 /* LaunchScreen.storyboard */ = {
			isa = PBXVariantGroup;
			children = (
				187109271B81831D00894162 /* Base */,
			);
			name = LaunchScreen.storyboard;
			sourceTree = "<group>";
		};
/* End PBXVariantGroup section */

/* Begin XCBuildConfiguration section */
		187109401B81831D00894162 /* Debug */ = {
			isa = XCBuildConfiguration;
			buildSettings = {
				ALWAYS_SEARCH_USER_PATHS = NO;
				CLANG_CXX_LANGUAGE_STANDARD = "gnu++0x";
				CLANG_CXX_LIBRARY = "libc++";
				CLANG_ENABLE_MODULES = YES;
				CLANG_ENABLE_OBJC_ARC = YES;
				CLANG_WARN_BOOL_CONVERSION = YES;
				CLANG_WARN_CONSTANT_CONVERSION = YES;
				CLANG_WARN_DIRECT_OBJC_ISA_USAGE = YES_ERROR;
				CLANG_WARN_EMPTY_BODY = YES;
				CLANG_WARN_ENUM_CONVERSION = YES;
				CLANG_WARN_INT_CONVERSION = YES;
				CLANG_WARN_OBJC_ROOT_CLASS = YES_ERROR;
				CLANG_WARN_UNREACHABLE_CODE = YES;
				CLANG_WARN__DUPLICATE_METHOD_MATCH = YES;
				"CODE_SIGN_IDENTITY[sdk=iphoneos*]" = "iPhone Developer";
				COPY_PHASE_STRIP = NO;
				DEBUG_INFORMATION_FORMAT = dwarf;
				ENABLE_STRICT_OBJC_MSGSEND = YES;
				ENABLE_TESTABILITY = YES;
				GCC_C_LANGUAGE_STANDARD = gnu99;
				GCC_DYNAMIC_NO_PIC = NO;
				GCC_NO_COMMON_BLOCKS = YES;
				GCC_OPTIMIZATION_LEVEL = 0;
				GCC_PREPROCESSOR_DEFINITIONS = (
					"DEBUG=1",
					"$(inherited)",
				);
				GCC_WARN_64_TO_32_BIT_CONVERSION = YES;
				GCC_WARN_ABOUT_RETURN_TYPE = YES_ERROR;
				GCC_WARN_UNDECLARED_SELECTOR = YES;
				GCC_WARN_UNINITIALIZED_AUTOS = YES_AGGRESSIVE;
				GCC_WARN_UNUSED_FUNCTION = YES;
				GCC_WARN_UNUSED_VARIABLE = YES;
				IPHONEOS_DEPLOYMENT_TARGET = 9.0;
				MTL_ENABLE_DEBUG_INFO = YES;
				ONLY_ACTIVE_ARCH = YES;
				SDKROOT = iphoneos;
				SWIFT_OPTIMIZATION_LEVEL = "-Onone";
			};
			name = Debug;
		};
		187109411B81831D00894162 /* Release */ = {
			isa = XCBuildConfiguration;
			buildSettings = {
				ALWAYS_SEARCH_USER_PATHS = NO;
				CLANG_CXX_LANGUAGE_STANDARD = "gnu++0x";
				CLANG_CXX_LIBRARY = "libc++";
				CLANG_ENABLE_MODULES = YES;
				CLANG_ENABLE_OBJC_ARC = YES;
				CLANG_WARN_BOOL_CONVERSION = YES;
				CLANG_WARN_CONSTANT_CONVERSION = YES;
				CLANG_WARN_DIRECT_OBJC_ISA_USAGE = YES_ERROR;
				CLANG_WARN_EMPTY_BODY = YES;
				CLANG_WARN_ENUM_CONVERSION = YES;
				CLANG_WARN_INT_CONVERSION = YES;
				CLANG_WARN_OBJC_ROOT_CLASS = YES_ERROR;
				CLANG_WARN_UNREACHABLE_CODE = YES;
				CLANG_WARN__DUPLICATE_METHOD_MATCH = YES;
				"CODE_SIGN_IDENTITY[sdk=iphoneos*]" = "iPhone Developer";
				COPY_PHASE_STRIP = NO;
				DEBUG_INFORMATION_FORMAT = "dwarf-with-dsym";
				ENABLE_NS_ASSERTIONS = NO;
				ENABLE_STRICT_OBJC_MSGSEND = YES;
				GCC_C_LANGUAGE_STANDARD = gnu99;
				GCC_NO_COMMON_BLOCKS = YES;
				GCC_WARN_64_TO_32_BIT_CONVERSION = YES;
				GCC_WARN_ABOUT_RETURN_TYPE = YES_ERROR;
				GCC_WARN_UNDECLARED_SELECTOR = YES;
				GCC_WARN_UNINITIALIZED_AUTOS = YES_AGGRESSIVE;
				GCC_WARN_UNUSED_FUNCTION = YES;
				GCC_WARN_UNUSED_VARIABLE = YES;
				IPHONEOS_DEPLOYMENT_TARGET = 9.0;
				MTL_ENABLE_DEBUG_INFO = NO;
				SDKROOT = iphoneos;
				VALIDATE_PRODUCT = YES;
			};
			name = Release;
		};
		187109431B81831D00894162 /* Debug */ = {
			isa = XCBuildConfiguration;
			buildSettings = {
				ASSETCATALOG_COMPILER_APPICON_NAME = AppIcon;
				FRAMEWORK_SEARCH_PATHS = (
					"$(inherited)",
					"$(PROJECT_DIR)",
				);
				INFOPLIST_FILE = UrGrouped/Info.plist;
				LD_RUNPATH_SEARCH_PATHS = "$(inherited) @executable_path/Frameworks";
				PRODUCT_BUNDLE_IDENTIFIER = cl.UrGrouped;
				PRODUCT_NAME = "$(TARGET_NAME)";
			};
			name = Debug;
		};
		187109441B81831D00894162 /* Release */ = {
			isa = XCBuildConfiguration;
			buildSettings = {
				ASSETCATALOG_COMPILER_APPICON_NAME = AppIcon;
				FRAMEWORK_SEARCH_PATHS = (
					"$(inherited)",
					"$(PROJECT_DIR)",
				);
				INFOPLIST_FILE = UrGrouped/Info.plist;
				LD_RUNPATH_SEARCH_PATHS = "$(inherited) @executable_path/Frameworks";
				PRODUCT_BUNDLE_IDENTIFIER = cl.UrGrouped;
				PRODUCT_NAME = "$(TARGET_NAME)";
			};
			name = Release;
		};
		187109461B81831D00894162 /* Debug */ = {
			isa = XCBuildConfiguration;
			buildSettings = {
				BUNDLE_LOADER = "$(TEST_HOST)";
				INFOPLIST_FILE = UrGroupedTests/Info.plist;
				LD_RUNPATH_SEARCH_PATHS = "$(inherited) @executable_path/Frameworks @loader_path/Frameworks";
				PRODUCT_BUNDLE_IDENTIFIER = cl.UrGroupedTests;
				PRODUCT_NAME = "$(TARGET_NAME)";
				TEST_HOST = "$(BUILT_PRODUCTS_DIR)/UrGrouped.app/UrGrouped";
			};
			name = Debug;
		};
		187109471B81831D00894162 /* Release */ = {
			isa = XCBuildConfiguration;
			buildSettings = {
				BUNDLE_LOADER = "$(TEST_HOST)";
				INFOPLIST_FILE = UrGroupedTests/Info.plist;
				LD_RUNPATH_SEARCH_PATHS = "$(inherited) @executable_path/Frameworks @loader_path/Frameworks";
				PRODUCT_BUNDLE_IDENTIFIER = cl.UrGroupedTests;
				PRODUCT_NAME = "$(TARGET_NAME)";
				TEST_HOST = "$(BUILT_PRODUCTS_DIR)/UrGrouped.app/UrGrouped";
			};
			name = Release;
		};
		187109491B81831D00894162 /* Debug */ = {
			isa = XCBuildConfiguration;
			buildSettings = {
				INFOPLIST_FILE = UrGroupedUITests/Info.plist;
				LD_RUNPATH_SEARCH_PATHS = "$(inherited) @executable_path/Frameworks @loader_path/Frameworks";
				PRODUCT_BUNDLE_IDENTIFIER = cl.UrGroupedUITests;
				PRODUCT_NAME = "$(TARGET_NAME)";
				TEST_TARGET_NAME = UrGrouped;
				USES_XCTRUNNER = YES;
			};
			name = Debug;
		};
		1871094A1B81831D00894162 /* Release */ = {
			isa = XCBuildConfiguration;
			buildSettings = {
				INFOPLIST_FILE = UrGroupedUITests/Info.plist;
				LD_RUNPATH_SEARCH_PATHS = "$(inherited) @executable_path/Frameworks @loader_path/Frameworks";
				PRODUCT_BUNDLE_IDENTIFIER = cl.UrGroupedUITests;
				PRODUCT_NAME = "$(TARGET_NAME)";
				TEST_TARGET_NAME = UrGrouped;
				USES_XCTRUNNER = YES;
			};
			name = Release;
		};
/* End XCBuildConfiguration section */

/* Begin XCConfigurationList section */
		187109151B81831D00894162 /* Build configuration list for PBXProject "UrGrouped" */ = {
			isa = XCConfigurationList;
			buildConfigurations = (
				187109401B81831D00894162 /* Debug */,
				187109411B81831D00894162 /* Release */,
			);
			defaultConfigurationIsVisible = 0;
			defaultConfigurationName = Release;
		};
		187109421B81831D00894162 /* Build configuration list for PBXNativeTarget "UrGrouped" */ = {
			isa = XCConfigurationList;
			buildConfigurations = (
				187109431B81831D00894162 /* Debug */,
				187109441B81831D00894162 /* Release */,
			);
			defaultConfigurationIsVisible = 0;
			defaultConfigurationName = Release;
		};
		187109451B81831D00894162 /* Build configuration list for PBXNativeTarget "UrGroupedTests" */ = {
			isa = XCConfigurationList;
			buildConfigurations = (
				187109461B81831D00894162 /* Debug */,
				187109471B81831D00894162 /* Release */,
			);
			defaultConfigurationIsVisible = 0;
			defaultConfigurationName = Release;
		};
		187109481B81831D00894162 /* Build configuration list for PBXNativeTarget "UrGroupedUITests" */ = {
			isa = XCConfigurationList;
			buildConfigurations = (
				187109491B81831D00894162 /* Debug */,
				1871094A1B81831D00894162 /* Release */,
			);
			defaultConfigurationIsVisible = 0;
			defaultConfigurationName = Release;
		};
/* End XCConfigurationList section */
	};
	rootObject = 187109121B81831D00894162 /* Project object */;
}
